
Microsoft Visual Studio Solution File, Format Version 12.00
# Visual Studio 14
VisualStudioVersion = 14.0.24720.0
MinimumVisualStudioVersion = 10.0.40219.1
Project("{FAE04EC0-301F-11D3-BF4B-00C04F79EFBC}") = "testtest", "testtest\testtest.csproj", "{1A9D0D49-BAF6-42EC-84E0-A1812A629E06}"
EndProject
Global
	GlobalSection(SolutionConfigurationPlatforms) = preSolution
		Debug|Any CPU = Debug|Any CPU
		Release|Any CPU = Release|Any CPU
	EndGlobalSection
	GlobalSection(ProjectConfigurationPlatforms) = postSolution
		{1A9D0D49-BAF6-42EC-84E0-A1812A629E06}.Debug|Any CPU.ActiveCfg = Debug|Any CPU
		{1A9D0D49-BAF6-42EC-84E0-A1812A629E06}.Debug|Any CPU.Build.0 = Debug|Any CPU
		{1A9D0D49-BAF6-42EC-84E0-A1812A629E06}.Release|Any CPU.ActiveCfg = Release|Any CPU
		{1A9D0D49-BAF6-42EC-84E0-A1812A629E06}.Release|Any CPU.Build.0 = Release|Any CPU
	EndGlobalSection
	GlobalSection(SolutionProperties) = preSolution
		HideSolutionNode = FALSE
	EndGlobalSection
EndGlobal
